
Microsoft Visual Studio Solution File, Format Version 12.00
# Visual Studio Version 17
VisualStudioVersion = 17.2.32505.173
MinimumVisualStudioVersion = 10.0.40219.1
Project("{2150E333-8FDC-42A3-9474-1A3956D46DE8}") = "src", "src", "{5C198AF9-F4C9-4352-8AD4-61442B8BFCCD}"
EndProject
Project("{9A19103F-16F7-4668-BE54-9A1E7A4F7556}") = "FunTranslations.ApiClient", "FunTranslations.ApiClient\FunTranslations.ApiClient.csproj", "{A85EDE2C-1532-4DAA-A301-75D61549D8A8}"
EndProject
Project("{9A19103F-16F7-4668-BE54-9A1E7A4F7556}") = "FunTranslations.Infrastructure", "FunTranslations.Infrastructure\FunTranslations.Infrastructure.csproj", "{C7FCC2DC-2E5F-4102-AF9C-042221A8CF1C}"
EndProject
Project("{FAE04EC0-301F-11D3-BF4B-00C04F79EFBC}") = "FunTranslations.Test", "FunTranslations.Test\FunTranslations.Test.csproj", "{848831AA-791F-44A4-A28A-E1FCA8463CB7}"
EndProject
Global
	GlobalSection(SolutionConfigurationPlatforms) = preSolution
		Debug|Any CPU = Debug|Any CPU
		Release|Any CPU = Release|Any CPU
	EndGlobalSection
	GlobalSection(ProjectConfigurationPlatforms) = postSolution
		{A85EDE2C-1532-4DAA-A301-75D61549D8A8}.Debug|Any CPU.ActiveCfg = Debug|Any CPU
		{A85EDE2C-1532-4DAA-A301-75D61549D8A8}.Debug|Any CPU.Build.0 = Debug|Any CPU
		{A85EDE2C-1532-4DAA-A301-75D61549D8A8}.Release|Any CPU.ActiveCfg = Release|Any CPU
		{A85EDE2C-1532-4DAA-A301-75D61549D8A8}.Release|Any CPU.Build.0 = Release|Any CPU
		{C7FCC2DC-2E5F-4102-AF9C-042221A8CF1C}.Debug|Any CPU.ActiveCfg = Debug|Any CPU
		{C7FCC2DC-2E5F-4102-AF9C-042221A8CF1C}.Debug|Any CPU.Build.0 = Debug|Any CPU
		{C7FCC2DC-2E5F-4102-AF9C-042221A8CF1C}.Release|Any CPU.ActiveCfg = Release|Any CPU
		{C7FCC2DC-2E5F-4102-AF9C-042221A8CF1C}.Release|Any CPU.Build.0 = Release|Any CPU
		{848831AA-791F-44A4-A28A-E1FCA8463CB7}.Debug|Any CPU.ActiveCfg = Debug|Any CPU
		{848831AA-791F-44A4-A28A-E1FCA8463CB7}.Debug|Any CPU.Build.0 = Debug|Any CPU
		{848831AA-791F-44A4-A28A-E1FCA8463CB7}.Release|Any CPU.ActiveCfg = Release|Any CPU
		{848831AA-791F-44A4-A28A-E1FCA8463CB7}.Release|Any CPU.Build.0 = Release|Any CPU
	EndGlobalSection
	GlobalSection(SolutionProperties) = preSolution
		HideSolutionNode = FALSE
	EndGlobalSection
	GlobalSection(NestedProjects) = preSolution
		{A85EDE2C-1532-4DAA-A301-75D61549D8A8} = {5C198AF9-F4C9-4352-8AD4-61442B8BFCCD}
		{C7FCC2DC-2E5F-4102-AF9C-042221A8CF1C} = {5C198AF9-F4C9-4352-8AD4-61442B8BFCCD}
		{848831AA-791F-44A4-A28A-E1FCA8463CB7} = {5C198AF9-F4C9-4352-8AD4-61442B8BFCCD}
	EndGlobalSection
	GlobalSection(ExtensibilityGlobals) = postSolution
		SolutionGuid = {5781831E-A55B-4F53-B035-870618F96A4F}
	EndGlobalSection
EndGlobal
